# This file is automatically @generated by Cargo.
# It is not intended for manual editing.
[[package]]
name = "ahash"
version = "0.3.8"
source = "registry+https://github.com/rust-lang/crates.io-index"
checksum = "e8fd72866655d1904d6b0997d0b07ba561047d070fbe29de039031c641b61217"

[[package]]
name = "ahash"
version = "0.4.6"
source = "registry+https://github.com/rust-lang/crates.io-index"
checksum = "f6789e291be47ace86a60303502173d84af8327e3627ecf334356ee0f87a164c"

[[package]]
name = "autocfg"
version = "1.0.1"
source = "registry+https://github.com/rust-lang/crates.io-index"
checksum = "cdb031dd78e28731d87d56cc8ffef4a8f36ca26c38fe2de700543e627f8a464a"

[[package]]
name = "bit_field"
version = "0.9.0"
source = "registry+https://github.com/rust-lang/crates.io-index"
checksum = "ed8765909f9009617974ab6b7d332625b320b33c326b1e9321382ef1999b5d56"

[[package]]
name = "bit_field"
version = "0.10.1"
source = "registry+https://github.com/rust-lang/crates.io-index"
checksum = "dcb6dd1c2376d2e096796e234a70e17e94cc2d5d54ff8ce42b28cef1d0d359a4"

[[package]]
name = "bitflags"
version = "1.2.1"
source = "registry+https://github.com/rust-lang/crates.io-index"
checksum = "cf1de2fe8c75bc145a2f577add951f8134889b4795d47466a54a5c846d691693"

[[package]]
name = "bootloader"
version = "0.1.0"
dependencies = [
 "elfloader",
 "hashbrown 0.9.1",
 "log",
 "miniarg",
 "multiboot",
 "rlibc",
 "serde",
 "toml",
 "uefi",
 "uefi-services",
]

[[package]]
name = "cfg-if"
version = "0.1.10"
source = "registry+https://github.com/rust-lang/crates.io-index"
checksum = "4785bdd1c96b2a846b2bd7cc02e86b6b3dbf14e7e53446c4f54c92a361040822"

[[package]]
name = "cfg-if"
version = "1.0.0"
source = "registry+https://github.com/rust-lang/crates.io-index"
checksum = "baf1de4339761588bc0619e3cbc0120ee582ebb74b53b4efbf79117bd2da40fd"

[[package]]
name = "elfloader"
version = "0.11.0"
source = "git+https://github.com/YtvwlD/rust-elfloader.git?branch=elf32#69fab445f4483e2d6e93bff7cb8349f6fb9fb72a"
dependencies = [
 "bitflags",
 "log",
 "xmas-elf",
]

[[package]]
name = "hashbrown"
version = "0.7.2"
source = "registry+https://github.com/rust-lang/crates.io-index"
checksum = "96282e96bfcd3da0d3aa9938bedf1e50df3269b6db08b4876d2da0bb1a0841cf"
dependencies = [
 "ahash 0.3.8",
 "autocfg",
]

[[package]]
name = "hashbrown"
version = "0.9.1"
source = "registry+https://github.com/rust-lang/crates.io-index"
checksum = "d7afe4a420e3fe79967a00898cc1f4db7c8a49a9333a29f8a4bd76a253d5cd04"
dependencies = [
 "ahash 0.4.6",
 "serde",
]

[[package]]
name = "log"
version = "0.4.11"
source = "registry+https://github.com/rust-lang/crates.io-index"
checksum = "4fabed175da42fed1fa0746b0ea71f412aa9d35e76e95e59b192c64b9dc2bf8b"
dependencies = [
 "cfg-if 0.1.10",
]

[[package]]
name = "miniarg"
version = "0.2.0"
source = "registry+https://github.com/rust-lang/crates.io-index"
checksum = "4b277236a97c2952c1c2c3763168c2dab68be7796758f5e7017ede6f71a69e3a"
dependencies = [
 "cfg-if 1.0.0",
 "miniarg_derive",
]

[[package]]
name = "miniarg_derive"
version = "0.2.0"
source = "registry+https://github.com/rust-lang/crates.io-index"
checksum = "048174a8d11746d7c750d48b5285f82ea5c5c06dad6d3553dd1686c03b9f567c"
dependencies = [
 "proc-macro2",
 "quote",
 "syn",
]

[[package]]
name = "multiboot"
version = "0.6.0"
source = "registry+https://github.com/rust-lang/crates.io-index"
checksum = "0f442c65adef7bc9676eb8212598d14b7ba799b8bb2a312ed32f410e85e2f5ad"
dependencies = [
 "paste",
]

[[package]]
name = "paste"
version = "1.0.2"
source = "registry+https://github.com/rust-lang/crates.io-index"
checksum = "ba7ae1a2180ed02ddfdb5ab70c70d596a26dd642e097bb6fe78b1bde8588ed97"

[[package]]
name = "proc-macro2"
version = "1.0.24"
source = "registry+https://github.com/rust-lang/crates.io-index"
checksum = "1e0704ee1a7e00d7bb417d0770ea303c1bccbabf0ef1667dae92b5967f5f8a71"
dependencies = [
 "unicode-xid",
]

[[package]]
name = "quote"
version = "1.0.7"
source = "registry+https://github.com/rust-lang/crates.io-index"
checksum = "aa563d17ecb180e500da1cfd2b028310ac758de548efdd203e18f283af693f37"
dependencies = [
 "proc-macro2",
]

[[package]]
name = "rlibc"
version = "1.0.0"
source = "registry+https://github.com/rust-lang/crates.io-index"
checksum = "fc874b127765f014d792f16763a81245ab80500e2ad921ed4ee9e82481ee08fe"

[[package]]
name = "serde"
version = "1.0.117"
source = "registry+https://github.com/rust-lang/crates.io-index"
checksum = "b88fa983de7720629c9387e9f517353ed404164b1e482c970a90c1a4aaf7dc1a"
dependencies = [
 "serde_derive",
]

[[package]]
name = "serde_derive"
version = "1.0.117"
source = "registry+https://github.com/rust-lang/crates.io-index"
checksum = "cbd1ae72adb44aab48f325a02444a5fc079349a8d804c1fc922aed3f7454c74e"
dependencies = [
 "proc-macro2",
 "quote",
 "syn",
]

[[package]]
name = "syn"
version = "1.0.44"
source = "registry+https://github.com/rust-lang/crates.io-index"
checksum = "e03e57e4fcbfe7749842d53e24ccb9aa12b7252dbe5e91d2acad31834c8b8fdd"
dependencies = [
 "proc-macro2",
 "quote",
 "unicode-xid",
]

[[package]]
name = "toml"
version = "0.5.6"
source = "git+https://github.com/diondokter/toml-rs.git#c4161aa70202b3992dbec79b76e7a8659713b604"
dependencies = [
 "hashbrown 0.7.2",
 "serde",
]

[[package]]
name = "ucs2"
version = "0.3.1"
source = "registry+https://github.com/rust-lang/crates.io-index"
checksum = "85061f4e43545a613c0da6b87725bf23f8da8613cf2473719c4f71a270c4ce8a"
dependencies = [
 "bit_field 0.10.1",
]

[[package]]
name = "uefi"
version = "0.6.0"
source = "registry+https://github.com/rust-lang/crates.io-index"
checksum = "43cbf498e073acb4d1f5bd59b5347757b495163ecfce9d18db81c44b99a542fa"
dependencies = [
 "bitflags",
 "log",
 "ucs2",
 "uefi-macros",
]

[[package]]
name = "uefi-macros"
version = "0.3.3"
source = "registry+https://github.com/rust-lang/crates.io-index"
checksum = "3dcca10ca861f34a320d178f3fdb29ffbf05087fc2c70d2a99860e3329bee1a8"
dependencies = [
 "proc-macro2",
 "quote",
 "syn",
]

[[package]]
name = "uefi-services"
version = "0.3.0"
source = "registry+https://github.com/rust-lang/crates.io-index"
checksum = "49f92132d2116899d9730c97ab74af01519fc0ad7c15f628565127f0f203a2c9"
dependencies = [
 "cfg-if 0.1.10",
 "log",
 "uefi",
 "x86_64",
]

[[package]]
name = "unicode-xid"
version = "0.2.1"
source = "registry+https://github.com/rust-lang/crates.io-index"
checksum = "f7fe0bb3479651439c9112f72b6c505038574c9fbb575ed1bf3b797fa39dd564"

[[package]]
name = "x86_64"
version = "0.12.2"
source = "registry+https://github.com/rust-lang/crates.io-index"
checksum = "d5b4b42dbabe13b69023e1a1407d395f1a1a33df76e9a9efdbe303acc907e292"
dependencies = [
 "bit_field 0.9.0",
 "bitflags",
]

[[package]]
name = "xmas-elf"
version = "0.7.0"
source = "registry+https://github.com/rust-lang/crates.io-index"
checksum = "e74de9a366f6ab8c405fa6b371d9ac24943921fa14b3d64afcb202065c405f11"
dependencies = [
 "zero",
]

[[package]]
name = "zero"
version = "0.1.2"
source = "registry+https://github.com/rust-lang/crates.io-index"
checksum = "5f1bc8a6b2005884962297587045002d8cfb8dcec9db332f4ca216ddc5de82c5"
